
Microsoft Visual Studio Solution File, Format Version 12.00
# Visual Studio Version 17
VisualStudioVersion = 17.0.32126.317
MinimumVisualStudioVersion = 10.0.40219.1
Project("{FAE04EC0-301F-11D3-BF4B-00C04F79EFBC}") = "Cahsul.Application", "src\Cahsul.Application\Cahsul.Application.csproj", "{D806369B-381B-40E7-8C16-5520B943184C}"
EndProject
Project("{FAE04EC0-301F-11D3-BF4B-00C04F79EFBC}") = "Cahsul.WebApi", "src\Cahsul.WebApi\Cahsul.WebApi.csproj", "{E6DB2207-9A57-433B-A924-91F7C4952815}"
EndProject
Project("{9A19103F-16F7-4668-BE54-9A1E7A4F7556}") = "Cahsul.Infrastructure", "src\Cahsul.Infrastructure\Cahsul.Infrastructure.csproj", "{8357DB7A-CA4F-49B5-84B4-E517BD1FFDE8}"
EndProject
Project("{FAE04EC0-301F-11D3-BF4B-00C04F79EFBC}") = "Cahsul.Domain", "src\Cahsul.Domain\Cahsul.Domain.csproj", "{24906E97-CD09-49C4-8279-4E5A4AF2A966}"
EndProject
Global
	GlobalSection(SolutionConfigurationPlatforms) = preSolution
		Debug|Any CPU = Debug|Any CPU
		Release|Any CPU = Release|Any CPU
	EndGlobalSection
	GlobalSection(ProjectConfigurationPlatforms) = postSolution
		{D806369B-381B-40E7-8C16-5520B943184C}.Debug|Any CPU.ActiveCfg = Debug|Any CPU
		{D806369B-381B-40E7-8C16-5520B943184C}.Debug|Any CPU.Build.0 = Debug|Any CPU
		{D806369B-381B-40E7-8C16-5520B943184C}.Release|Any CPU.ActiveCfg = Release|Any CPU
		{D806369B-381B-40E7-8C16-5520B943184C}.Release|Any CPU.Build.0 = Release|Any CPU
		{E6DB2207-9A57-433B-A924-91F7C4952815}.Debug|Any CPU.ActiveCfg = Debug|Any CPU
		{E6DB2207-9A57-433B-A924-91F7C4952815}.Debug|Any CPU.Build.0 = Debug|Any CPU
		{E6DB2207-9A57-433B-A924-91F7C4952815}.Release|Any CPU.ActiveCfg = Release|Any CPU
		{E6DB2207-9A57-433B-A924-91F7C4952815}.Release|Any CPU.Build.0 = Release|Any CPU
		{8357DB7A-CA4F-49B5-84B4-E517BD1FFDE8}.Debug|Any CPU.ActiveCfg = Debug|Any CPU
		{8357DB7A-CA4F-49B5-84B4-E517BD1FFDE8}.Debug|Any CPU.Build.0 = Debug|Any CPU
		{8357DB7A-CA4F-49B5-84B4-E517BD1FFDE8}.Release|Any CPU.ActiveCfg = Release|Any CPU
		{8357DB7A-CA4F-49B5-84B4-E517BD1FFDE8}.Release|Any CPU.Build.0 = Release|Any CPU
		{24906E97-CD09-49C4-8279-4E5A4AF2A966}.Debug|Any CPU.ActiveCfg = Debug|Any CPU
		{24906E97-CD09-49C4-8279-4E5A4AF2A966}.Debug|Any CPU.Build.0 = Debug|Any CPU
		{24906E97-CD09-49C4-8279-4E5A4AF2A966}.Release|Any CPU.ActiveCfg = Release|Any CPU
		{24906E97-CD09-49C4-8279-4E5A4AF2A966}.Release|Any CPU.Build.0 = Release|Any CPU
	EndGlobalSection
	GlobalSection(SolutionProperties) = preSolution
		HideSolutionNode = FALSE
	EndGlobalSection
	GlobalSection(ExtensibilityGlobals) = postSolution
		SolutionGuid = {6A4F3C0A-B649-45D8-B388-D05636AD994B}
	EndGlobalSection
EndGlobal
